// !$*UTF8*$!
{
	archiveVersion = 1;
	classes = {
	};
	objectVersion = 55;
	objects = {

/* Begin PBXBuildFile section */
		4A7A29C055CD47C0BCE3C0A3 /* Pods_Justice.framework in Frameworks */ = {isa = PBXBuildFile; fileRef = 01840A4162DF2334F6C3008B /* Pods_Justice.framework */; };
		CC86C00D2763E30B00DBE373 /* RegisterServiceUser.swift in Sources */ = {isa = PBXBuildFile; fileRef = CC86C00C2763E30B00DBE373 /* RegisterServiceUser.swift */; };
		CC86C00F2763E32300DBE373 /* RegisterServiceLawyer.swift in Sources */ = {isa = PBXBuildFile; fileRef = CC86C00E2763E32300DBE373 /* RegisterServiceLawyer.swift */; };
		CC86C0142763E4E300DBE373 /* News.swift in Sources */ = {isa = PBXBuildFile; fileRef = CC86C0132763E4E300DBE373 /* News.swift */; };
		CC86C0162763E4FF00DBE373 /* MyProfile.swift in Sources */ = {isa = PBXBuildFile; fileRef = CC86C0152763E4FF00DBE373 /* MyProfile.swift */; };
		CC86C0182763E53900DBE373 /* Lawyer.swift in Sources */ = {isa = PBXBuildFile; fileRef = CC86C0172763E53900DBE373 /* Lawyer.swift */; };
		CC86C01E2763E66600DBE373 /* TabVC.swift in Sources */ = {isa = PBXBuildFile; fileRef = CC86C01D2763E66600DBE373 /* TabVC.swift */; };
		CC86C0272763E78200DBE373 /* LogIn_asUser.swift in Sources */ = {isa = PBXBuildFile; fileRef = CC86C0262763E78200DBE373 /* LogIn_asUser.swift */; };
		CC86C0292763E79B00DBE373 /* SingUp_asUser.swift in Sources */ = {isa = PBXBuildFile; fileRef = CC86C0282763E79B00DBE373 /* SingUp_asUser.swift */; };
		CC86C02B2763E7F900DBE373 /* CourtPageVC.swift in Sources */ = {isa = PBXBuildFile; fileRef = CC86C02A2763E7F900DBE373 /* CourtPageVC.swift */; };
		CC86C02D2763E81400DBE373 /* Service_Cell.swift in Sources */ = {isa = PBXBuildFile; fileRef = CC86C02C2763E81400DBE373 /* Service_Cell.swift */; };
		CC86C02F2763E83900DBE373 /* ServicePageVC.swift in Sources */ = {isa = PBXBuildFile; fileRef = CC86C02E2763E83900DBE373 /* ServicePageVC.swift */; };
		CC86C0312763E85B00DBE373 /* LawyersVC.swift in Sources */ = {isa = PBXBuildFile; fileRef = CC86C0302763E85B00DBE373 /* LawyersVC.swift */; };
		CC86C0332763E88F00DBE373 /* LawyersVC_Cell.swift in Sources */ = {isa = PBXBuildFile; fileRef = CC86C0322763E88F00DBE373 /* LawyersVC_Cell.swift */; };
		CC86C0352763E8A800DBE373 /* LawyersPageVC.swift in Sources */ = {isa = PBXBuildFile; fileRef = CC86C0342763E8A800DBE373 /* LawyersPageVC.swift */; };
		CC86C0372763E8CF00DBE373 /* NewsVC.swift in Sources */ = {isa = PBXBuildFile; fileRef = CC86C0362763E8CF00DBE373 /* NewsVC.swift */; };
		CC86C0392763E8E900DBE373 /* NewsVC_Cell.swift in Sources */ = {isa = PBXBuildFile; fileRef = CC86C0382763E8E900DBE373 /* NewsVC_Cell.swift */; };
		CC86C03B2763E90300DBE373 /* NewsPageVC.swift in Sources */ = {isa = PBXBuildFile; fileRef = CC86C03A2763E90300DBE373 /* NewsPageVC.swift */; };
		CC86C03D2763E92800DBE373 /* MapVC.swift in Sources */ = {isa = PBXBuildFile; fileRef = CC86C03C2763E92800DBE373 /* MapVC.swift */; };
		CC86C03F2763E94400DBE373 /* MyProfileVC.swift in Sources */ = {isa = PBXBuildFile; fileRef = CC86C03E2763E94400DBE373 /* MyProfileVC.swift */; };
		CC86C0412763E96C00DBE373 /* MyProfileVC_Cell.swift in Sources */ = {isa = PBXBuildFile; fileRef = CC86C0402763E96C00DBE373 /* MyProfileVC_Cell.swift */; };
		CC86C0432763E98700DBE373 /* MyProfilePageVC.swift in Sources */ = {isa = PBXBuildFile; fileRef = CC86C0422763E98700DBE373 /* MyProfilePageVC.swift */; };
		CC86C0452763E9AA00DBE373 /* LogIn_asLawyer.swift in Sources */ = {isa = PBXBuildFile; fileRef = CC86C0442763E9AA00DBE373 /* LogIn_asLawyer.swift */; };
		CC86C0472763E9C500DBE373 /* SingUp_asLawyer.swift in Sources */ = {isa = PBXBuildFile; fileRef = CC86C0462763E9C500DBE373 /* SingUp_asLawyer.swift */; };
		CC86C0492763F26200DBE373 /* File.swift in Sources */ = {isa = PBXBuildFile; fileRef = CC86C0482763F26200DBE373 /* File.swift */; };
		CC9759B527612B5B0091BEFB /* AppDelegate.swift in Sources */ = {isa = PBXBuildFile; fileRef = CC9759B427612B5B0091BEFB /* AppDelegate.swift */; };
		CC9759B727612B5B0091BEFB /* SceneDelegate.swift in Sources */ = {isa = PBXBuildFile; fileRef = CC9759B627612B5B0091BEFB /* SceneDelegate.swift */; };
		CC9759BC27612B5B0091BEFB /* Main.storyboard in Resources */ = {isa = PBXBuildFile; fileRef = CC9759BA27612B5B0091BEFB /* Main.storyboard */; };
		CC9759BE27612B5C0091BEFB /* Assets.xcassets in Resources */ = {isa = PBXBuildFile; fileRef = CC9759BD27612B5C0091BEFB /* Assets.xcassets */; };
		CC9759C127612B5C0091BEFB /* LaunchScreen.storyboard in Resources */ = {isa = PBXBuildFile; fileRef = CC9759BF27612B5C0091BEFB /* LaunchScreen.storyboard */; };
		CC9759CD27612BE60091BEFB /* Lawyers.swift in Sources */ = {isa = PBXBuildFile; fileRef = CC9759CC27612BE60091BEFB /* Lawyers.swift */; };
		CC9759CF27612BEE0091BEFB /* Court.swift in Sources */ = {isa = PBXBuildFile; fileRef = CC9759CE27612BEE0091BEFB /* Court.swift */; };
		CC9759D127612BF50091BEFB /* User.swift in Sources */ = {isa = PBXBuildFile; fileRef = CC9759D027612BF50091BEFB /* User.swift */; };
		CC9759D327612BFC0091BEFB /* View.swift in Sources */ = {isa = PBXBuildFile; fileRef = CC9759D227612BFC0091BEFB /* View.swift */; };
		CC9759D927612C570091BEFB /* User_OR_Lawyer.swift in Sources */ = {isa = PBXBuildFile; fileRef = CC9759D827612C570091BEFB /* User_OR_Lawyer.swift */; };
		CC9759DB27612C5D0091BEFB /* CourtVC.swift in Sources */ = {isa = PBXBuildFile; fileRef = CC9759DA27612C5D0091BEFB /* CourtVC.swift */; };
		CC9759DD27612C6C0091BEFB /* CourtVC_Cell.swift in Sources */ = {isa = PBXBuildFile; fileRef = CC9759DC27612C6C0091BEFB /* CourtVC_Cell.swift */; };
		CC9759E127612FE90091BEFB /* GoogleService-Info.plist in Resources */ = {isa = PBXBuildFile; fileRef = CC9759E027612FE90091BEFB /* GoogleService-Info.plist */; };
/* End PBXBuildFile section */

/* Begin PBXFileReference section */
		01840A4162DF2334F6C3008B /* Pods_Justice.framework */ = {isa = PBXFileReference; explicitFileType = wrapper.framework; includeInIndex = 0; path = Pods_Justice.framework; sourceTree = BUILT_PRODUCTS_DIR; };
		2A9FE412CB41EE46AB8DE78B /* Pods-Justice.release.xcconfig */ = {isa = PBXFileReference; includeInIndex = 1; lastKnownFileType = text.xcconfig; name = "Pods-Justice.release.xcconfig"; path = "Target Support Files/Pods-Justice/Pods-Justice.release.xcconfig"; sourceTree = "<group>"; };
		CC86C00C2763E30B00DBE373 /* RegisterServiceUser.swift */ = {isa = PBXFileReference; lastKnownFileType = sourcecode.swift; path = RegisterServiceUser.swift; sourceTree = "<group>"; };
		CC86C00E2763E32300DBE373 /* RegisterServiceLawyer.swift */ = {isa = PBXFileReference; lastKnownFileType = sourcecode.swift; path = RegisterServiceLawyer.swift; sourceTree = "<group>"; };
		CC86C0132763E4E300DBE373 /* News.swift */ = {isa = PBXFileReference; lastKnownFileType = sourcecode.swift; path = News.swift; sourceTree = "<group>"; };
		CC86C0152763E4FF00DBE373 /* MyProfile.swift */ = {isa = PBXFileReference; lastKnownFileType = sourcecode.swift; path = MyProfile.swift; sourceTree = "<group>"; };
		CC86C0172763E53900DBE373 /* Lawyer.swift */ = {isa = PBXFileReference; lastKnownFileType = sourcecode.swift; path = Lawyer.swift; sourceTree = "<group>"; };
		CC86C01D2763E66600DBE373 /* TabVC.swift */ = {isa = PBXFileReference; lastKnownFileType = sourcecode.swift; path = TabVC.swift; sourceTree = "<group>"; };
		CC86C0262763E78200DBE373 /* LogIn_asUser.swift */ = {isa = PBXFileReference; lastKnownFileType = sourcecode.swift; path = LogIn_asUser.swift; sourceTree = "<group>"; };
		CC86C0282763E79B00DBE373 /* SingUp_asUser.swift */ = {isa = PBXFileReference; lastKnownFileType = sourcecode.swift; path = SingUp_asUser.swift; sourceTree = "<group>"; };
		CC86C02A2763E7F900DBE373 /* CourtPageVC.swift */ = {isa = PBXFileReference; lastKnownFileType = sourcecode.swift; path = CourtPageVC.swift; sourceTree = "<group>"; };
		CC86C02C2763E81400DBE373 /* Service_Cell.swift */ = {isa = PBXFileReference; lastKnownFileType = sourcecode.swift; path = Service_Cell.swift; sourceTree = "<group>"; };
		CC86C02E2763E83900DBE373 /* ServicePageVC.swift */ = {isa = PBXFileReference; lastKnownFileType = sourcecode.swift; path = ServicePageVC.swift; sourceTree = "<group>"; };
		CC86C0302763E85B00DBE373 /* LawyersVC.swift */ = {isa = PBXFileReference; lastKnownFileType = sourcecode.swift; path = LawyersVC.swift; sourceTree = "<group>"; };
		CC86C0322763E88F00DBE373 /* LawyersVC_Cell.swift */ = {isa = PBXFileReference; lastKnownFileType = sourcecode.swift; path = LawyersVC_Cell.swift; sourceTree = "<group>"; };
		CC86C0342763E8A800DBE373 /* LawyersPageVC.swift */ = {isa = PBXFileReference; lastKnownFileType = sourcecode.swift; path = LawyersPageVC.swift; sourceTree = "<group>"; };
		CC86C0362763E8CF00DBE373 /* NewsVC.swift */ = {isa = PBXFileReference; lastKnownFileType = sourcecode.swift; path = NewsVC.swift; sourceTree = "<group>"; };
		CC86C0382763E8E900DBE373 /* NewsVC_Cell.swift */ = {isa = PBXFileReference; lastKnownFileType = sourcecode.swift; path = NewsVC_Cell.swift; sourceTree = "<group>"; };
		CC86C03A2763E90300DBE373 /* NewsPageVC.swift */ = {isa = PBXFileReference; lastKnownFileType = sourcecode.swift; path = NewsPageVC.swift; sourceTree = "<group>"; };
		CC86C03C2763E92800DBE373 /* MapVC.swift */ = {isa = PBXFileReference; lastKnownFileType = sourcecode.swift; path = MapVC.swift; sourceTree = "<group>"; };
		CC86C03E2763E94400DBE373 /* MyProfileVC.swift */ = {isa = PBXFileReference; lastKnownFileType = sourcecode.swift; path = MyProfileVC.swift; sourceTree = "<group>"; };
		CC86C0402763E96C00DBE373 /* MyProfileVC_Cell.swift */ = {isa = PBXFileReference; lastKnownFileType = sourcecode.swift; path = MyProfileVC_Cell.swift; sourceTree = "<group>"; };
		CC86C0422763E98700DBE373 /* MyProfilePageVC.swift */ = {isa = PBXFileReference; lastKnownFileType = sourcecode.swift; path = MyProfilePageVC.swift; sourceTree = "<group>"; };
		CC86C0442763E9AA00DBE373 /* LogIn_asLawyer.swift */ = {isa = PBXFileReference; lastKnownFileType = sourcecode.swift; path = LogIn_asLawyer.swift; sourceTree = "<group>"; };
		CC86C0462763E9C500DBE373 /* SingUp_asLawyer.swift */ = {isa = PBXFileReference; lastKnownFileType = sourcecode.swift; path = SingUp_asLawyer.swift; sourceTree = "<group>"; };
		CC86C0482763F26200DBE373 /* File.swift */ = {isa = PBXFileReference; lastKnownFileType = sourcecode.swift; path = File.swift; sourceTree = "<group>"; };
		CC9759B127612B5B0091BEFB /* Justice.app */ = {isa = PBXFileReference; explicitFileType = wrapper.application; includeInIndex = 0; path = Justice.app; sourceTree = BUILT_PRODUCTS_DIR; };
		CC9759B427612B5B0091BEFB /* AppDelegate.swift */ = {isa = PBXFileReference; lastKnownFileType = sourcecode.swift; path = AppDelegate.swift; sourceTree = "<group>"; };
		CC9759B627612B5B0091BEFB /* SceneDelegate.swift */ = {isa = PBXFileReference; lastKnownFileType = sourcecode.swift; path = SceneDelegate.swift; sourceTree = "<group>"; };
		CC9759BB27612B5B0091BEFB /* Base */ = {isa = PBXFileReference; lastKnownFileType = file.storyboard; name = Base; path = Base.lproj/Main.storyboard; sourceTree = "<group>"; };
		CC9759BD27612B5C0091BEFB /* Assets.xcassets */ = {isa = PBXFileReference; lastKnownFileType = folder.assetcatalog; path = Assets.xcassets; sourceTree = "<group>"; };
		CC9759C027612B5C0091BEFB /* Base */ = {isa = PBXFileReference; lastKnownFileType = file.storyboard; name = Base; path = Base.lproj/LaunchScreen.storyboard; sourceTree = "<group>"; };
		CC9759C227612B5C0091BEFB /* Info.plist */ = {isa = PBXFileReference; lastKnownFileType = text.plist.xml; path = Info.plist; sourceTree = "<group>"; };
		CC9759CC27612BE60091BEFB /* Lawyers.swift */ = {isa = PBXFileReference; lastKnownFileType = sourcecode.swift; path = Lawyers.swift; sourceTree = "<group>"; };
		CC9759CE27612BEE0091BEFB /* Court.swift */ = {isa = PBXFileReference; lastKnownFileType = sourcecode.swift; path = Court.swift; sourceTree = "<group>"; };
		CC9759D027612BF50091BEFB /* User.swift */ = {isa = PBXFileReference; lastKnownFileType = sourcecode.swift; path = User.swift; sourceTree = "<group>"; };
		CC9759D227612BFC0091BEFB /* View.swift */ = {isa = PBXFileReference; lastKnownFileType = sourcecode.swift; path = View.swift; sourceTree = "<group>"; };
		CC9759D827612C570091BEFB /* User_OR_Lawyer.swift */ = {isa = PBXFileReference; lastKnownFileType = sourcecode.swift; path = User_OR_Lawyer.swift; sourceTree = "<group>"; };
		CC9759DA27612C5D0091BEFB /* CourtVC.swift */ = {isa = PBXFileReference; lastKnownFileType = sourcecode.swift; path = CourtVC.swift; sourceTree = "<group>"; };
		CC9759DC27612C6C0091BEFB /* CourtVC_Cell.swift */ = {isa = PBXFileReference; lastKnownFileType = sourcecode.swift; path = CourtVC_Cell.swift; sourceTree = "<group>"; };
		CC9759E027612FE90091BEFB /* GoogleService-Info.plist */ = {isa = PBXFileReference; fileEncoding = 4; lastKnownFileType = text.plist.xml; path = "GoogleService-Info.plist"; sourceTree = "<group>"; };
		DADA93664A1FF51F3F86ECAC /* Pods-Justice.debug.xcconfig */ = {isa = PBXFileReference; includeInIndex = 1; lastKnownFileType = text.xcconfig; name = "Pods-Justice.debug.xcconfig"; path = "Target Support Files/Pods-Justice/Pods-Justice.debug.xcconfig"; sourceTree = "<group>"; };
/* End PBXFileReference section */

/* Begin PBXFrameworksBuildPhase section */
		CC9759AE27612B5B0091BEFB /* Frameworks */ = {
			isa = PBXFrameworksBuildPhase;
			buildActionMask = 2147483647;
			files = (
				4A7A29C055CD47C0BCE3C0A3 /* Pods_Justice.framework in Frameworks */,
			);
			runOnlyForDeploymentPostprocessing = 0;
		};
/* End PBXFrameworksBuildPhase section */

/* Begin PBXGroup section */
		18720A606EB60C0D0F4C255A /* Pods */ = {
			isa = PBXGroup;
			children = (
				DADA93664A1FF51F3F86ECAC /* Pods-Justice.debug.xcconfig */,
				2A9FE412CB41EE46AB8DE78B /* Pods-Justice.release.xcconfig */,
			);
			path = Pods;
			sourceTree = "<group>";
		};
		CC86C00B2763E2FE00DBE373 /* Service */ = {
			isa = PBXGroup;
			children = (
				CC86C00C2763E30B00DBE373 /* RegisterServiceUser.swift */,
				CC86C00E2763E32300DBE373 /* RegisterServiceLawyer.swift */,
			);
			path = Service;
			sourceTree = "<group>";
		};
		CC86C0102763E39000DBE373 /* MVC */ = {
			isa = PBXGroup;
			children = (
				CC9759C827612B920091BEFB /* Model (Data) */,
				CC9759C927612B980091BEFB /* View */,
				CC9759CA27612B9F0091BEFB /* Control */,
			);
			path = MVC;
			sourceTree = "<group>";
		};
		CC86C0112763E42200DBE373 /* User Path Model */ = {
			isa = PBXGroup;
			children = (
				CC9759D027612BF50091BEFB /* User.swift */,
				CC9759CE27612BEE0091BEFB /* Court.swift */,
				CC9759CC27612BE60091BEFB /* Lawyers.swift */,
				CC86C0132763E4E300DBE373 /* News.swift */,
				CC86C0152763E4FF00DBE373 /* MyProfile.swift */,
			);
			path = "User Path Model";
			sourceTree = "<group>";
		};
		CC86C0122763E44000DBE373 /* Lawyer Path Model */ = {
			isa = PBXGroup;
			children = (
				CC86C0172763E53900DBE373 /* Lawyer.swift */,
			);
			path = "Lawyer Path Model";
			sourceTree = "<group>";
		};
		CC86C0192763E5B000DBE373 /* Lawyer Path Control */ = {
			isa = PBXGroup;
			children = (
				CC86C0242763E73400DBE373 /* Lawyer Registration */,
			);
			path = "Lawyer Path Control";
			sourceTree = "<group>";
		};
		CC86C01A2763E5DD00DBE373 /* User Path Control */ = {
			isa = PBXGroup;
			children = (
				CC86C0252763E75300DBE373 /* User Registration */,
				CC86C0232763E70C00DBE373 /* User Court */,
				CC86C0222763E6F700DBE373 /* User Lawyer */,
				CC86C0212763E6DA00DBE373 /* User News */,
				CC86C0202763E6C700DBE373 /* User Map */,
				CC86C01F2763E6A100DBE373 /* User Profile */,
			);
			path = "User Path Control";
			sourceTree = "<group>";
		};
		CC86C01B2763E61100DBE373 /* Registration */ = {
			isa = PBXGroup;
			children = (
				CC9759D827612C570091BEFB /* User_OR_Lawyer.swift */,
			);
			path = Registration;
			sourceTree = "<group>";
		};
		CC86C01C2763E64C00DBE373 /* TabBar */ = {
			isa = PBXGroup;
			children = (
				CC86C01D2763E66600DBE373 /* TabVC.swift */,
			);
			path = TabBar;
			sourceTree = "<group>";
		};
		CC86C01F2763E6A100DBE373 /* User Profile */ = {
			isa = PBXGroup;
			children = (
				CC86C03E2763E94400DBE373 /* MyProfileVC.swift */,
				CC86C0402763E96C00DBE373 /* MyProfileVC_Cell.swift */,
				CC86C0422763E98700DBE373 /* MyProfilePageVC.swift */,
			);
			path = "User Profile";
			sourceTree = "<group>";
		};
		CC86C0202763E6C700DBE373 /* User Map */ = {
			isa = PBXGroup;
			children = (
				CC86C03C2763E92800DBE373 /* MapVC.swift */,
			);
			path = "User Map";
			sourceTree = "<group>";
		};
		CC86C0212763E6DA00DBE373 /* User News */ = {
			isa = PBXGroup;
			children = (
				CC86C0362763E8CF00DBE373 /* NewsVC.swift */,
				CC86C0382763E8E900DBE373 /* NewsVC_Cell.swift */,
				CC86C03A2763E90300DBE373 /* NewsPageVC.swift */,
			);
			path = "User News";
			sourceTree = "<group>";
		};
		CC86C0222763E6F700DBE373 /* User Lawyer */ = {
			isa = PBXGroup;
			children = (
				CC86C0302763E85B00DBE373 /* LawyersVC.swift */,
				CC86C0322763E88F00DBE373 /* LawyersVC_Cell.swift */,
				CC86C0342763E8A800DBE373 /* LawyersPageVC.swift */,
			);
			path = "User Lawyer";
			sourceTree = "<group>";
		};
		CC86C0232763E70C00DBE373 /* User Court */ = {
			isa = PBXGroup;
			children = (
				CC9759DA27612C5D0091BEFB /* CourtVC.swift */,
				CC9759DC27612C6C0091BEFB /* CourtVC_Cell.swift */,
				CC86C02A2763E7F900DBE373 /* CourtPageVC.swift */,
				CC86C02C2763E81400DBE373 /* Service_Cell.swift */,
				CC86C02E2763E83900DBE373 /* ServicePageVC.swift */,
			);
			path = "User Court";
			sourceTree = "<group>";
		};
		CC86C0242763E73400DBE373 /* Lawyer Registration */ = {
			isa = PBXGroup;
			children = (
				CC86C0442763E9AA00DBE373 /* LogIn_asLawyer.swift */,
				CC86C0462763E9C500DBE373 /* SingUp_asLawyer.swift */,
			);
			path = "Lawyer Registration";
			sourceTree = "<group>";
		};
		CC86C0252763E75300DBE373 /* User Registration */ = {
			isa = PBXGroup;
			children = (
				CC86C0262763E78200DBE373 /* LogIn_asUser.swift */,
				CC86C0282763E79B00DBE373 /* SingUp_asUser.swift */,
			);
			path = "User Registration";
			sourceTree = "<group>";
		};
		CC9759A827612B5B0091BEFB = {
			isa = PBXGroup;
			children = (
				CC9759B327612B5B0091BEFB /* Justice */,
				CC9759B227612B5B0091BEFB /* Products */,
				18720A606EB60C0D0F4C255A /* Pods */,
				D80A44E5007B473F842D9FBC /* Frameworks */,
			);
			sourceTree = "<group>";
		};
		CC9759B227612B5B0091BEFB /* Products */ = {
			isa = PBXGroup;
			children = (
				CC9759B127612B5B0091BEFB /* Justice.app */,
			);
			name = Products;
			sourceTree = "<group>";
		};
		CC9759B327612B5B0091BEFB /* Justice */ = {
			isa = PBXGroup;
			children = (
				CC9759E027612FE90091BEFB /* GoogleService-Info.plist */,
				CC86C00B2763E2FE00DBE373 /* Service */,
				CC86C0102763E39000DBE373 /* MVC */,
				CC9759B427612B5B0091BEFB /* AppDelegate.swift */,
				CC9759B627612B5B0091BEFB /* SceneDelegate.swift */,
				CC9759BA27612B5B0091BEFB /* Main.storyboard */,
				CC9759BD27612B5C0091BEFB /* Assets.xcassets */,
				CC9759BF27612B5C0091BEFB /* LaunchScreen.storyboard */,
				CC9759C227612B5C0091BEFB /* Info.plist */,
			);
			path = Justice;
			sourceTree = "<group>";
		};
		CC9759C827612B920091BEFB /* Model (Data) */ = {
			isa = PBXGroup;
			children = (
				CC86C0112763E42200DBE373 /* User Path Model */,
				CC86C0122763E44000DBE373 /* Lawyer Path Model */,
			);
			path = "Model (Data)";
			sourceTree = "<group>";
		};
		CC9759C927612B980091BEFB /* View */ = {
			isa = PBXGroup;
			children = (
				CC9759D227612BFC0091BEFB /* View.swift */,
			);
			path = View;
			sourceTree = "<group>";
		};
		CC9759CA27612B9F0091BEFB /* Control */ = {
			isa = PBXGroup;
			children = (
				CC86C01B2763E61100DBE373 /* Registration */,
				CC86C01C2763E64C00DBE373 /* TabBar */,
				CC86C01A2763E5DD00DBE373 /* User Path Control */,
				CC86C0192763E5B000DBE373 /* Lawyer Path Control */,
				CC86C0482763F26200DBE373 /* File.swift */,
			);
			path = Control;
			sourceTree = "<group>";
		};
		D80A44E5007B473F842D9FBC /* Frameworks */ = {
			isa = PBXGroup;
			children = (
				01840A4162DF2334F6C3008B /* Pods_Justice.framework */,
			);
			name = Frameworks;
			sourceTree = "<group>";
		};
/* End PBXGroup section */

/* Begin PBXNativeTarget section */
		CC9759B027612B5B0091BEFB /* Justice */ = {
			isa = PBXNativeTarget;
			buildConfigurationList = CC9759C527612B5C0091BEFB /* Build configuration list for PBXNativeTarget "Justice" */;
			buildPhases = (
				30F814A1F60F2FBF0B4A6187 /* [CP] Check Pods Manifest.lock */,
				CC9759AD27612B5B0091BEFB /* Sources */,
				CC9759AE27612B5B0091BEFB /* Frameworks */,
				CC9759AF27612B5B0091BEFB /* Resources */,
				49238660DA8D9FC20B1E7138 /* [CP] Embed Pods Frameworks */,
			);
			buildRules = (
			);
			dependencies = (
			);
			name = Justice;
			productName = Justice;
			productReference = CC9759B127612B5B0091BEFB /* Justice.app */;
			productType = "com.apple.product-type.application";
		};
/* End PBXNativeTarget section */

/* Begin PBXProject section */
		CC9759A927612B5B0091BEFB /* Project object */ = {
			isa = PBXProject;
			attributes = {
				BuildIndependentTargetsInParallel = 1;
				LastSwiftUpdateCheck = 1310;
				LastUpgradeCheck = 1310;
				TargetAttributes = {
					CC9759B027612B5B0091BEFB = {
						CreatedOnToolsVersion = 13.1;
					};
				};
			};
			buildConfigurationList = CC9759AC27612B5B0091BEFB /* Build configuration list for PBXProject "Justice" */;
			compatibilityVersion = "Xcode 13.0";
			developmentRegion = en;
			hasScannedForEncodings = 0;
			knownRegions = (
				en,
				Base,
			);
			mainGroup = CC9759A827612B5B0091BEFB;
			productRefGroup = CC9759B227612B5B0091BEFB /* Products */;
			projectDirPath = "";
			projectRoot = "";
			targets = (
				CC9759B027612B5B0091BEFB /* Justice */,
			);
		};
/* End PBXProject section */

/* Begin PBXResourcesBuildPhase section */
		CC9759AF27612B5B0091BEFB /* Resources */ = {
			isa = PBXResourcesBuildPhase;
			buildActionMask = 2147483647;
			files = (
				CC9759C127612B5C0091BEFB /* LaunchScreen.storyboard in Resources */,
				CC9759E127612FE90091BEFB /* GoogleService-Info.plist in Resources */,
				CC9759BE27612B5C0091BEFB /* Assets.xcassets in Resources */,
				CC9759BC27612B5B0091BEFB /* Main.storyboard in Resources */,
			);
			runOnlyForDeploymentPostprocessing = 0;
		};
/* End PBXResourcesBuildPhase section */

/* Begin PBXShellScriptBuildPhase section */
		30F814A1F60F2FBF0B4A6187 /* [CP] Check Pods Manifest.lock */ = {
			isa = PBXShellScriptBuildPhase;
			buildActionMask = 2147483647;
			files = (
			);
			inputFileListPaths = (
			);
			inputPaths = (
				"${PODS_PODFILE_DIR_PATH}/Podfile.lock",
				"${PODS_ROOT}/Manifest.lock",
			);
			name = "[CP] Check Pods Manifest.lock";
			outputFileListPaths = (
			);
			outputPaths = (
				"$(DERIVED_FILE_DIR)/Pods-Justice-checkManifestLockResult.txt",
			);
			runOnlyForDeploymentPostprocessing = 0;
			shellPath = /bin/sh;
			shellScript = "diff \"${PODS_PODFILE_DIR_PATH}/Podfile.lock\" \"${PODS_ROOT}/Manifest.lock\" > /dev/null\nif [ $? != 0 ] ; then\n    # print error to STDERR\n    echo \"error: The sandbox is not in sync with the Podfile.lock. Run 'pod install' or update your CocoaPods installation.\" >&2\n    exit 1\nfi\n# This output is used by Xcode 'outputs' to avoid re-running this script phase.\necho \"SUCCESS\" > \"${SCRIPT_OUTPUT_FILE_0}\"\n";
			showEnvVarsInLog = 0;
		};
		49238660DA8D9FC20B1E7138 /* [CP] Embed Pods Frameworks */ = {
			isa = PBXShellScriptBuildPhase;
			buildActionMask = 2147483647;
			files = (
			);
			inputFileListPaths = (
				"${PODS_ROOT}/Target Support Files/Pods-Justice/Pods-Justice-frameworks-${CONFIGURATION}-input-files.xcfilelist",
			);
			name = "[CP] Embed Pods Frameworks";
			outputFileListPaths = (
				"${PODS_ROOT}/Target Support Files/Pods-Justice/Pods-Justice-frameworks-${CONFIGURATION}-output-files.xcfilelist",
			);
			runOnlyForDeploymentPostprocessing = 0;
			shellPath = /bin/sh;
			shellScript = "\"${PODS_ROOT}/Target Support Files/Pods-Justice/Pods-Justice-frameworks.sh\"\n";
			showEnvVarsInLog = 0;
		};
/* End PBXShellScriptBuildPhase section */

/* Begin PBXSourcesBuildPhase section */
		CC9759AD27612B5B0091BEFB /* Sources */ = {
			isa = PBXSourcesBuildPhase;
			buildActionMask = 2147483647;
			files = (
				CC86C0372763E8CF00DBE373 /* NewsVC.swift in Sources */,
				CC9759D327612BFC0091BEFB /* View.swift in Sources */,
				CC9759CD27612BE60091BEFB /* Lawyers.swift in Sources */,
				CC86C0162763E4FF00DBE373 /* MyProfile.swift in Sources */,
				CC86C0452763E9AA00DBE373 /* LogIn_asLawyer.swift in Sources */,
				CC86C03F2763E94400DBE373 /* MyProfileVC.swift in Sources */,
				CC9759B527612B5B0091BEFB /* AppDelegate.swift in Sources */,
				CC86C02D2763E81400DBE373 /* Service_Cell.swift in Sources */,
				CC86C0432763E98700DBE373 /* MyProfilePageVC.swift in Sources */,
				CC86C0332763E88F00DBE373 /* LawyersVC_Cell.swift in Sources */,
				CC9759DB27612C5D0091BEFB /* CourtVC.swift in Sources */,
				CC86C03D2763E92800DBE373 /* MapVC.swift in Sources */,
				CC9759CF27612BEE0091BEFB /* Court.swift in Sources */,
				CC86C0292763E79B00DBE373 /* SingUp_asUser.swift in Sources */,
				CC86C0312763E85B00DBE373 /* LawyersVC.swift in Sources */,
				CC86C00D2763E30B00DBE373 /* RegisterServiceUser.swift in Sources */,
				CC86C00F2763E32300DBE373 /* RegisterServiceLawyer.swift in Sources */,
				CC86C0352763E8A800DBE373 /* LawyersPageVC.swift in Sources */,
				CC86C0182763E53900DBE373 /* Lawyer.swift in Sources */,
				CC86C03B2763E90300DBE373 /* NewsPageVC.swift in Sources */,
				CC86C0142763E4E300DBE373 /* News.swift in Sources */,
				CC86C0272763E78200DBE373 /* LogIn_asUser.swift in Sources */,
				CC9759D127612BF50091BEFB /* User.swift in Sources */,
				CC9759D927612C570091BEFB /* User_OR_Lawyer.swift in Sources */,
				CC86C02F2763E83900DBE373 /* ServicePageVC.swift in Sources */,
				CC9759DD27612C6C0091BEFB /* CourtVC_Cell.swift in Sources */,
				CC86C0412763E96C00DBE373 /* MyProfileVC_Cell.swift in Sources */,
				CC86C01E2763E66600DBE373 /* TabVC.swift in Sources */,
				CC86C0392763E8E900DBE373 /* NewsVC_Cell.swift in Sources */,
				CC86C02B2763E7F900DBE373 /* CourtPageVC.swift in Sources */,
				CC86C0472763E9C500DBE373 /* SingUp_asLawyer.swift in Sources */,
				CC86C0492763F26200DBE373 /* File.swift in Sources */,
				CC9759B727612B5B0091BEFB /* SceneDelegate.swift in Sources */,
			);
			runOnlyForDeploymentPostprocessing = 0;
		};
/* End PBXSourcesBuildPhase section */

/* Begin PBXVariantGroup section */
		CC9759BA27612B5B0091BEFB /* Main.storyboard */ = {
			isa = PBXVariantGroup;
			children = (
				CC9759BB27612B5B0091BEFB /* Base */,
			);
			name = Main.storyboard;
			sourceTree = "<group>";
		};
		CC9759BF27612B5C0091BEFB /* LaunchScreen.storyboard */ = {
			isa = PBXVariantGroup;
			children = (
				CC9759C027612B5C0091BEFB /* Base */,
			);
			name = LaunchScreen.storyboard;
			sourceTree = "<group>";
		};
/* End PBXVariantGroup section */

/* Begin XCBuildConfiguration section */
		CC9759C327612B5C0091BEFB /* Debug */ = {
			isa = XCBuildConfiguration;
			buildSettings = {
				ALWAYS_SEARCH_USER_PATHS = NO;
				CLANG_ANALYZER_NONNULL = YES;
				CLANG_ANALYZER_NUMBER_OBJECT_CONVERSION = YES_AGGRESSIVE;
				CLANG_CXX_LANGUAGE_STANDARD = "gnu++17";
				CLANG_CXX_LIBRARY = "libc++";
				CLANG_ENABLE_MODULES = YES;
				CLANG_ENABLE_OBJC_ARC = YES;
				CLANG_ENABLE_OBJC_WEAK = YES;
				CLANG_WARN_BLOCK_CAPTURE_AUTORELEASING = YES;
				CLANG_WARN_BOOL_CONVERSION = YES;
				CLANG_WARN_COMMA = YES;
				CLANG_WARN_CONSTANT_CONVERSION = YES;
				CLANG_WARN_DEPRECATED_OBJC_IMPLEMENTATIONS = YES;
				CLANG_WARN_DIRECT_OBJC_ISA_USAGE = YES_ERROR;
				CLANG_WARN_DOCUMENTATION_COMMENTS = YES;
				CLANG_WARN_EMPTY_BODY = YES;
				CLANG_WARN_ENUM_CONVERSION = YES;
				CLANG_WARN_INFINITE_RECURSION = YES;
				CLANG_WARN_INT_CONVERSION = YES;
				CLANG_WARN_NON_LITERAL_NULL_CONVERSION = YES;
				CLANG_WARN_OBJC_IMPLICIT_RETAIN_SELF = YES;
				CLANG_WARN_OBJC_LITERAL_CONVERSION = YES;
				CLANG_WARN_OBJC_ROOT_CLASS = YES_ERROR;
				CLANG_WARN_QUOTED_INCLUDE_IN_FRAMEWORK_HEADER = YES;
				CLANG_WARN_RANGE_LOOP_ANALYSIS = YES;
				CLANG_WARN_STRICT_PROTOTYPES = YES;
				CLANG_WARN_SUSPICIOUS_MOVE = YES;
				CLANG_WARN_UNGUARDED_AVAILABILITY = YES_AGGRESSIVE;
				CLANG_WARN_UNREACHABLE_CODE = YES;
				CLANG_WARN__DUPLICATE_METHOD_MATCH = YES;
				COPY_PHASE_STRIP = NO;
				DEBUG_INFORMATION_FORMAT = dwarf;
				ENABLE_STRICT_OBJC_MSGSEND = YES;
				ENABLE_TESTABILITY = YES;
				GCC_C_LANGUAGE_STANDARD = gnu11;
				GCC_DYNAMIC_NO_PIC = NO;
				GCC_NO_COMMON_BLOCKS = YES;
				GCC_OPTIMIZATION_LEVEL = 0;
				GCC_PREPROCESSOR_DEFINITIONS = (
					"DEBUG=1",
					"$(inherited)",
				);
				GCC_WARN_64_TO_32_BIT_CONVERSION = YES;
				GCC_WARN_ABOUT_RETURN_TYPE = YES_ERROR;
				GCC_WARN_UNDECLARED_SELECTOR = YES;
				GCC_WARN_UNINITIALIZED_AUTOS = YES_AGGRESSIVE;
				GCC_WARN_UNUSED_FUNCTION = YES;
				GCC_WARN_UNUSED_VARIABLE = YES;
				IPHONEOS_DEPLOYMENT_TARGET = 14.7;
				MTL_ENABLE_DEBUG_INFO = INCLUDE_SOURCE;
				MTL_FAST_MATH = YES;
				ONLY_ACTIVE_ARCH = YES;
				SDKROOT = iphoneos;
				SWIFT_ACTIVE_COMPILATION_CONDITIONS = DEBUG;
				SWIFT_OPTIMIZATION_LEVEL = "-Onone";
			};
			name = Debug;
		};
		CC9759C427612B5C0091BEFB /* Release */ = {
			isa = XCBuildConfiguration;
			buildSettings = {
				ALWAYS_SEARCH_USER_PATHS = NO;
				CLANG_ANALYZER_NONNULL = YES;
				CLANG_ANALYZER_NUMBER_OBJECT_CONVERSION = YES_AGGRESSIVE;
				CLANG_CXX_LANGUAGE_STANDARD = "gnu++17";
				CLANG_CXX_LIBRARY = "libc++";
				CLANG_ENABLE_MODULES = YES;
				CLANG_ENABLE_OBJC_ARC = YES;
				CLANG_ENABLE_OBJC_WEAK = YES;
				CLANG_WARN_BLOCK_CAPTURE_AUTORELEASING = YES;
				CLANG_WARN_BOOL_CONVERSION = YES;
				CLANG_WARN_COMMA = YES;
				CLANG_WARN_CONSTANT_CONVERSION = YES;
				CLANG_WARN_DEPRECATED_OBJC_IMPLEMENTATIONS = YES;
				CLANG_WARN_DIRECT_OBJC_ISA_USAGE = YES_ERROR;
				CLANG_WARN_DOCUMENTATION_COMMENTS = YES;
				CLANG_WARN_EMPTY_BODY = YES;
				CLANG_WARN_ENUM_CONVERSION = YES;
				CLANG_WARN_INFINITE_RECURSION = YES;
				CLANG_WARN_INT_CONVERSION = YES;
				CLANG_WARN_NON_LITERAL_NULL_CONVERSION = YES;
				CLANG_WARN_OBJC_IMPLICIT_RETAIN_SELF = YES;
				CLANG_WARN_OBJC_LITERAL_CONVERSION = YES;
				CLANG_WARN_OBJC_ROOT_CLASS = YES_ERROR;
				CLANG_WARN_QUOTED_INCLUDE_IN_FRAMEWORK_HEADER = YES;
				CLANG_WARN_RANGE_LOOP_ANALYSIS = YES;
				CLANG_WARN_STRICT_PROTOTYPES = YES;
				CLANG_WARN_SUSPICIOUS_MOVE = YES;
				CLANG_WARN_UNGUARDED_AVAILABILITY = YES_AGGRESSIVE;
				CLANG_WARN_UNREACHABLE_CODE = YES;
				CLANG_WARN__DUPLICATE_METHOD_MATCH = YES;
				COPY_PHASE_STRIP = NO;
				DEBUG_INFORMATION_FORMAT = "dwarf-with-dsym";
				ENABLE_NS_ASSERTIONS = NO;
				ENABLE_STRICT_OBJC_MSGSEND = YES;
				GCC_C_LANGUAGE_STANDARD = gnu11;
				GCC_NO_COMMON_BLOCKS = YES;
				GCC_WARN_64_TO_32_BIT_CONVERSION = YES;
				GCC_WARN_ABOUT_RETURN_TYPE = YES_ERROR;
				GCC_WARN_UNDECLARED_SELECTOR = YES;
				GCC_WARN_UNINITIALIZED_AUTOS = YES_AGGRESSIVE;
				GCC_WARN_UNUSED_FUNCTION = YES;
				GCC_WARN_UNUSED_VARIABLE = YES;
				IPHONEOS_DEPLOYMENT_TARGET = 14.7;
				MTL_ENABLE_DEBUG_INFO = NO;
				MTL_FAST_MATH = YES;
				SDKROOT = iphoneos;
				SWIFT_COMPILATION_MODE = wholemodule;
				SWIFT_OPTIMIZATION_LEVEL = "-O";
				VALIDATE_PRODUCT = YES;
			};
			name = Release;
		};
		CC9759C627612B5C0091BEFB /* Debug */ = {
			isa = XCBuildConfiguration;
			baseConfigurationReference = DADA93664A1FF51F3F86ECAC /* Pods-Justice.debug.xcconfig */;
			buildSettings = {
				ASSETCATALOG_COMPILER_APPICON_NAME = AppIcon;
				ASSETCATALOG_COMPILER_GLOBAL_ACCENT_COLOR_NAME = AccentColor;
				CODE_SIGN_STYLE = Automatic;
				CURRENT_PROJECT_VERSION = 1;
				DEVELOPMENT_TEAM = TUQH58C925;
				GENERATE_INFOPLIST_FILE = YES;
				INFOPLIST_FILE = Justice/Info.plist;
				INFOPLIST_KEY_UIApplicationSupportsIndirectInputEvents = YES;
				INFOPLIST_KEY_UILaunchStoryboardName = LaunchScreen;
				INFOPLIST_KEY_UIMainStoryboardFile = Main;
				INFOPLIST_KEY_UISupportedInterfaceOrientations_iPad = "UIInterfaceOrientationPortrait UIInterfaceOrientationPortraitUpsideDown UIInterfaceOrientationLandscapeLeft UIInterfaceOrientationLandscapeRight";
				INFOPLIST_KEY_UISupportedInterfaceOrientations_iPhone = "UIInterfaceOrientationPortrait UIInterfaceOrientationLandscapeLeft UIInterfaceOrientationLandscapeRight";
				LD_RUNPATH_SEARCH_PATHS = (
					"$(inherited)",
					"@executable_path/Frameworks",
				);
				MARKETING_VERSION = 1.0;
				PRODUCT_BUNDLE_IDENTIFIER = f.Justice;
				PRODUCT_NAME = "$(TARGET_NAME)";
				SWIFT_EMIT_LOC_STRINGS = YES;
				SWIFT_VERSION = 5.0;
				TARGETED_DEVICE_FAMILY = "1,2";
			};
			name = Debug;
		};
		CC9759C727612B5C0091BEFB /* Release */ = {
			isa = XCBuildConfiguration;
			baseConfigurationReference = 2A9FE412CB41EE46AB8DE78B /* Pods-Justice.release.xcconfig */;
			buildSettings = {
				ASSETCATALOG_COMPILER_APPICON_NAME = AppIcon;
				ASSETCATALOG_COMPILER_GLOBAL_ACCENT_COLOR_NAME = AccentColor;
				CODE_SIGN_STYLE = Automatic;
				CURRENT_PROJECT_VERSION = 1;
				DEVELOPMENT_TEAM = TUQH58C925;
				GENERATE_INFOPLIST_FILE = YES;
				INFOPLIST_FILE = Justice/Info.plist;
				INFOPLIST_KEY_UIApplicationSupportsIndirectInputEvents = YES;
				INFOPLIST_KEY_UILaunchStoryboardName = LaunchScreen;
				INFOPLIST_KEY_UIMainStoryboardFile = Main;
				INFOPLIST_KEY_UISupportedInterfaceOrientations_iPad = "UIInterfaceOrientationPortrait UIInterfaceOrientationPortraitUpsideDown UIInterfaceOrientationLandscapeLeft UIInterfaceOrientationLandscapeRight";
				INFOPLIST_KEY_UISupportedInterfaceOrientations_iPhone = "UIInterfaceOrientationPortrait UIInterfaceOrientationLandscapeLeft UIInterfaceOrientationLandscapeRight";
				LD_RUNPATH_SEARCH_PATHS = (
					"$(inherited)",
					"@executable_path/Frameworks",
				);
				MARKETING_VERSION = 1.0;
				PRODUCT_BUNDLE_IDENTIFIER = f.Justice;
				PRODUCT_NAME = "$(TARGET_NAME)";
				SWIFT_EMIT_LOC_STRINGS = YES;
				SWIFT_VERSION = 5.0;
				TARGETED_DEVICE_FAMILY = "1,2";
			};
			name = Release;
		};
/* End XCBuildConfiguration section */

/* Begin XCConfigurationList section */
		CC9759AC27612B5B0091BEFB /* Build configuration list for PBXProject "Justice" */ = {
			isa = XCConfigurationList;
			buildConfigurations = (
				CC9759C327612B5C0091BEFB /* Debug */,
				CC9759C427612B5C0091BEFB /* Release */,
			);
			defaultConfigurationIsVisible = 0;
			defaultConfigurationName = Release;
		};
		CC9759C527612B5C0091BEFB /* Build configuration list for PBXNativeTarget "Justice" */ = {
			isa = XCConfigurationList;
			buildConfigurations = (
				CC9759C627612B5C0091BEFB /* Debug */,
				CC9759C727612B5C0091BEFB /* Release */,
			);
			defaultConfigurationIsVisible = 0;
			defaultConfigurationName = Release;
		};
/* End XCConfigurationList section */
	};
	rootObject = CC9759A927612B5B0091BEFB /* Project object */;
}
